// !$*UTF8*$!
{
	archiveVersion = 1;
	classes = {
	};
	objectVersion = 77;
	objects = {

/* Begin PBXBuildFile section */
		7017371E2E6EFE4700A44655 /* README.md in Resources */ = {isa = PBXBuildFile; fileRef = 7017371D2E6EFE4700A44655 /* README.md */; };
/* End PBXBuildFile section */

/* Begin PBXContainerItemProxy section */
		704B45672E4F789E00DF2B12 /* PBXContainerItemProxy */ = {
			isa = PBXContainerItemProxy;
			containerPortal = 704B45502E4F789D00DF2B12 /* Project object */;
			proxyType = 1;
			remoteGlobalIDString = 704B45572E4F789D00DF2B12;
			remoteInfo = nameDay;
		};
		704B45712E4F789E00DF2B12 /* PBXContainerItemProxy */ = {
			isa = PBXContainerItemProxy;
			containerPortal = 704B45502E4F789D00DF2B12 /* Project object */;
			proxyType = 1;
			remoteGlobalIDString = 704B45572E4F789D00DF2B12;
			remoteInfo = nameDay;
		};
/* End PBXContainerItemProxy section */

/* Begin PBXFileReference section */
		7017371D2E6EFE4700A44655 /* README.md */ = {isa = PBXFileReference; lastKnownFileType = net.daringfireball.markdown; path = README.md; sourceTree = "<group>"; };
		704B45582E4F789D00DF2B12 /* Svátek.app */ = {isa = PBXFileReference; explicitFileType = wrapper.application; includeInIndex = 0; path = "Svátek.app"; sourceTree = BUILT_PRODUCTS_DIR; };
		704B45662E4F789E00DF2B12 /* SvátekTests.xctest */ = {isa = PBXFileReference; explicitFileType = wrapper.cfbundle; includeInIndex = 0; path = "SvátekTests.xctest"; sourceTree = BUILT_PRODUCTS_DIR; };
		704B45702E4F789E00DF2B12 /* SvátekUITests.xctest */ = {isa = PBXFileReference; explicitFileType = wrapper.cfbundle; includeInIndex = 0; path = "SvátekUITests.xctest"; sourceTree = BUILT_PRODUCTS_DIR; };
		70FDBD282E950AEA0015C197 /* LICENSE */ = {isa = PBXFileReference; lastKnownFileType = sourcecode.swift; path = LICENSE; sourceTree = "<group>"; };
/* End PBXFileReference section */

/* Begin PBXFileSystemSynchronizedRootGroup section */
		704B455A2E4F789D00DF2B12 /* nameDay */ = {
			isa = PBXFileSystemSynchronizedRootGroup;
			path = nameDay;
			sourceTree = "<group>";
		};
		704B45692E4F789E00DF2B12 /* nameDayTests */ = {
			isa = PBXFileSystemSynchronizedRootGroup;
			path = nameDayTests;
			sourceTree = "<group>";
		};
		704B45732E4F789E00DF2B12 /* nameDayUITests */ = {
			isa = PBXFileSystemSynchronizedRootGroup;
			path = nameDayUITests;
			sourceTree = "<group>";
		};
/* End PBXFileSystemSynchronizedRootGroup section */

/* Begin PBXFrameworksBuildPhase section */
		704B45552E4F789D00DF2B12 /* Frameworks */ = {
			isa = PBXFrameworksBuildPhase;
			buildActionMask = 2147483647;
			files = (
			);
			runOnlyForDeploymentPostprocessing = 0;
		};
		704B45632E4F789E00DF2B12 /* Frameworks */ = {
			isa = PBXFrameworksBuildPhase;
			buildActionMask = 2147483647;
			files = (
			);
			runOnlyForDeploymentPostprocessing = 0;
		};
		704B456D2E4F789E00DF2B12 /* Frameworks */ = {
			isa = PBXFrameworksBuildPhase;
			buildActionMask = 2147483647;
			files = (
			);
			runOnlyForDeploymentPostprocessing = 0;
		};
/* End PBXFrameworksBuildPhase section */

/* Begin PBXGroup section */
		704B454F2E4F789D00DF2B12 = {
			isa = PBXGroup;
			children = (
				7017371D2E6EFE4700A44655 /* README.md */,
				70FDBD282E950AEA0015C197 /* LICENSE */,
				704B455A2E4F789D00DF2B12 /* nameDay */,
				704B45692E4F789E00DF2B12 /* nameDayTests */,
				704B45732E4F789E00DF2B12 /* nameDayUITests */,
				704B45592E4F789D00DF2B12 /* Products */,
			);
			sourceTree = "<group>";
		};
		704B45592E4F789D00DF2B12 /* Products */ = {
			isa = PBXGroup;
			children = (
				704B45582E4F789D00DF2B12 /* Svátek.app */,
				704B45662E4F789E00DF2B12 /* SvátekTests.xctest */,
				704B45702E4F789E00DF2B12 /* SvátekUITests.xctest */,
			);
			name = Products;
			sourceTree = "<group>";
		};
/* End PBXGroup section */

/* Begin PBXNativeTarget section */
		704B45572E4F789D00DF2B12 /* Svátek */ = {
			isa = PBXNativeTarget;
			buildConfigurationList = 704B457A2E4F789E00DF2B12 /* Build configuration list for PBXNativeTarget "Svátek" */;
			buildPhases = (
				704B45542E4F789D00DF2B12 /* Sources */,
				704B45552E4F789D00DF2B12 /* Frameworks */,
				704B45562E4F789D00DF2B12 /* Resources */,
			);
			buildRules = (
			);
			dependencies = (
			);
			fileSystemSynchronizedGroups = (
				704B455A2E4F789D00DF2B12 /* nameDay */,
			);
			name = "Svátek";
			packageProductDependencies = (
			);
			productName = nameDay;
			productReference = 704B45582E4F789D00DF2B12 /* Svátek.app */;
			productType = "com.apple.product-type.application";
		};
		704B45652E4F789E00DF2B12 /* SvátekTests */ = {
			isa = PBXNativeTarget;
			buildConfigurationList = 704B457D2E4F789E00DF2B12 /* Build configuration list for PBXNativeTarget "SvátekTests" */;
			buildPhases = (
				704B45622E4F789E00DF2B12 /* Sources */,
				704B45632E4F789E00DF2B12 /* Frameworks */,
				704B45642E4F789E00DF2B12 /* Resources */,
			);
			buildRules = (
			);
			dependencies = (
				704B45682E4F789E00DF2B12 /* PBXTargetDependency */,
			);
			fileSystemSynchronizedGroups = (
				704B45692E4F789E00DF2B12 /* nameDayTests */,
			);
			name = "SvátekTests";
			packageProductDependencies = (
			);
			productName = nameDayTests;
			productReference = 704B45662E4F789E00DF2B12 /* SvátekTests.xctest */;
			productType = "com.apple.product-type.bundle.unit-test";
		};
		704B456F2E4F789E00DF2B12 /* SvátekUITests */ = {
			isa = PBXNativeTarget;
			buildConfigurationList = 704B45802E4F789E00DF2B12 /* Build configuration list for PBXNativeTarget "SvátekUITests" */;
			buildPhases = (
				704B456C2E4F789E00DF2B12 /* Sources */,
				704B456D2E4F789E00DF2B12 /* Frameworks */,
				704B456E2E4F789E00DF2B12 /* Resources */,
			);
			buildRules = (
			);
			dependencies = (
				704B45722E4F789E00DF2B12 /* PBXTargetDependency */,
			);
			fileSystemSynchronizedGroups = (
				704B45732E4F789E00DF2B12 /* nameDayUITests */,
			);
			name = "SvátekUITests";
			packageProductDependencies = (
			);
			productName = nameDayUITests;
			productReference = 704B45702E4F789E00DF2B12 /* SvátekUITests.xctest */;
			productType = "com.apple.product-type.bundle.ui-testing";
		};
/* End PBXNativeTarget section */

/* Begin PBXProject section */
		704B45502E4F789D00DF2B12 /* Project object */ = {
			isa = PBXProject;
			attributes = {
				BuildIndependentTargetsInParallel = 1;
				LastSwiftUpdateCheck = 1640;
				LastUpgradeCheck = 1640;
				TargetAttributes = {
					704B45572E4F789D00DF2B12 = {
						CreatedOnToolsVersion = 16.4;
					};
					704B45652E4F789E00DF2B12 = {
						CreatedOnToolsVersion = 16.4;
						TestTargetID = 704B45572E4F789D00DF2B12;
					};
					704B456F2E4F789E00DF2B12 = {
						CreatedOnToolsVersion = 16.4;
						TestTargetID = 704B45572E4F789D00DF2B12;
					};
				};
			};
			buildConfigurationList = 704B45532E4F789D00DF2B12 /* Build configuration list for PBXProject "Svátek" */;
			developmentRegion = en;
			hasScannedForEncodings = 0;
			knownRegions = (
				en,
				Base,
			);
			mainGroup = 704B454F2E4F789D00DF2B12;
			minimizedProjectReferenceProxies = 1;
			preferredProjectObjectVersion = 77;
			productRefGroup = 704B45592E4F789D00DF2B12 /* Products */;
			projectDirPath = "";
			projectRoot = "";
			targets = (
				704B45572E4F789D00DF2B12 /* Svátek */,
				704B45652E4F789E00DF2B12 /* SvátekTests */,
				704B456F2E4F789E00DF2B12 /* SvátekUITests */,
			);
		};
/* End PBXProject section */

/* Begin PBXResourcesBuildPhase section */
		704B45562E4F789D00DF2B12 /* Resources */ = {
			isa = PBXResourcesBuildPhase;
			buildActionMask = 2147483647;
			files = (
				7017371E2E6EFE4700A44655 /* README.md in Resources */,
			);
			runOnlyForDeploymentPostprocessing = 0;
		};
		704B45642E4F789E00DF2B12 /* Resources */ = {
			isa = PBXResourcesBuildPhase;
			buildActionMask = 2147483647;
			files = (
			);
			runOnlyForDeploymentPostprocessing = 0;
		};
		704B456E2E4F789E00DF2B12 /* Resources */ = {
			isa = PBXResourcesBuildPhase;
			buildActionMask = 2147483647;
			files = (
			);
			runOnlyForDeploymentPostprocessing = 0;
		};
/* End PBXResourcesBuildPhase section */

/* Begin PBXSourcesBuildPhase section */
		704B45542E4F789D00DF2B12 /* Sources */ = {
			isa = PBXSourcesBuildPhase;
			buildActionMask = 2147483647;
			files = (
			);
			runOnlyForDeploymentPostprocessing = 0;
		};
		704B45622E4F789E00DF2B12 /* Sources */ = {
			isa = PBXSourcesBuildPhase;
			buildActionMask = 2147483647;
			files = (
			);
			runOnlyForDeploymentPostprocessing = 0;
		};
		704B456C2E4F789E00DF2B12 /* Sources */ = {
			isa = PBXSourcesBuildPhase;
			buildActionMask = 2147483647;
			files = (
			);
			runOnlyForDeploymentPostprocessing = 0;
		};
/* End PBXSourcesBuildPhase section */

/* Begin PBXTargetDependency section */
		704B45682E4F789E00DF2B12 /* PBXTargetDependency */ = {
			isa = PBXTargetDependency;
			target = 704B45572E4F789D00DF2B12 /* Svátek */;
			targetProxy = 704B45672E4F789E00DF2B12 /* PBXContainerItemProxy */;
		};
		704B45722E4F789E00DF2B12 /* PBXTargetDependency */ = {
			isa = PBXTargetDependency;
			target = 704B45572E4F789D00DF2B12 /* Svátek */;
			targetProxy = 704B45712E4F789E00DF2B12 /* PBXContainerItemProxy */;
		};
/* End PBXTargetDependency section */

/* Begin XCBuildConfiguration section */
		704B45782E4F789E00DF2B12 /* Debug */ = {
			isa = XCBuildConfiguration;
			buildSettings = {
				ALWAYS_SEARCH_USER_PATHS = NO;
				ASSETCATALOG_COMPILER_GENERATE_SWIFT_ASSET_SYMBOL_EXTENSIONS = YES;
				CLANG_ANALYZER_NONNULL = YES;
				CLANG_ANALYZER_NUMBER_OBJECT_CONVERSION = YES_AGGRESSIVE;
				CLANG_CXX_LANGUAGE_STANDARD = "gnu++20";
				CLANG_ENABLE_MODULES = YES;
				CLANG_ENABLE_OBJC_ARC = YES;
				CLANG_ENABLE_OBJC_WEAK = YES;
				CLANG_WARN_BLOCK_CAPTURE_AUTORELEASING = YES;
				CLANG_WARN_BOOL_CONVERSION = YES;
				CLANG_WARN_COMMA = YES;
				CLANG_WARN_CONSTANT_CONVERSION = YES;
				CLANG_WARN_DEPRECATED_OBJC_IMPLEMENTATIONS = YES;
				CLANG_WARN_DIRECT_OBJC_ISA_USAGE = YES_ERROR;
				CLANG_WARN_DOCUMENTATION_COMMENTS = YES;
				CLANG_WARN_EMPTY_BODY = YES;
				CLANG_WARN_ENUM_CONVERSION = YES;
				CLANG_WARN_INFINITE_RECURSION = YES;
				CLANG_WARN_INT_CONVERSION = YES;
				CLANG_WARN_NON_LITERAL_NULL_CONVERSION = YES;
				CLANG_WARN_OBJC_IMPLICIT_RETAIN_SELF = YES;
				CLANG_WARN_OBJC_LITERAL_CONVERSION = YES;
				CLANG_WARN_OBJC_ROOT_CLASS = YES_ERROR;
				CLANG_WARN_QUOTED_INCLUDE_IN_FRAMEWORK_HEADER = YES;
				CLANG_WARN_RANGE_LOOP_ANALYSIS = YES;
				CLANG_WARN_STRICT_PROTOTYPES = YES;
				CLANG_WARN_SUSPICIOUS_MOVE = YES;
				CLANG_WARN_UNGUARDED_AVAILABILITY = YES_AGGRESSIVE;
				CLANG_WARN_UNREACHABLE_CODE = YES;
				CLANG_WARN__DUPLICATE_METHOD_MATCH = YES;
				COPY_PHASE_STRIP = NO;
				DEBUG_INFORMATION_FORMAT = dwarf;
				DEVELOPMENT_TEAM = UBSM52Z44T;
				ENABLE_STRICT_OBJC_MSGSEND = YES;
				ENABLE_TESTABILITY = YES;
				ENABLE_USER_SCRIPT_SANDBOXING = YES;
				GCC_C_LANGUAGE_STANDARD = gnu17;
				GCC_DYNAMIC_NO_PIC = NO;
				GCC_NO_COMMON_BLOCKS = YES;
				GCC_OPTIMIZATION_LEVEL = 0;
				GCC_PREPROCESSOR_DEFINITIONS = (
					"DEBUG=1",
					"$(inherited)",
				);
				GCC_WARN_64_TO_32_BIT_CONVERSION = YES;
				GCC_WARN_ABOUT_RETURN_TYPE = YES_ERROR;
				GCC_WARN_UNDECLARED_SELECTOR = YES;
				GCC_WARN_UNINITIALIZED_AUTOS = YES_AGGRESSIVE;
				GCC_WARN_UNUSED_FUNCTION = YES;
				GCC_WARN_UNUSED_VARIABLE = YES;
				LOCALIZATION_PREFERS_STRING_CATALOGS = YES;
				MACOSX_DEPLOYMENT_TARGET = 15.5;
				MTL_ENABLE_DEBUG_INFO = INCLUDE_SOURCE;
				MTL_FAST_MATH = YES;
				ONLY_ACTIVE_ARCH = YES;
				SDKROOT = macosx;
				SWIFT_ACTIVE_COMPILATION_CONDITIONS = "DEBUG $(inherited)";
				SWIFT_OPTIMIZATION_LEVEL = "-Onone";
			};
			name = Debug;
		};
		704B45792E4F789E00DF2B12 /* Release */ = {
			isa = XCBuildConfiguration;
			buildSettings = {
				ALWAYS_SEARCH_USER_PATHS = NO;
				ASSETCATALOG_COMPILER_GENERATE_SWIFT_ASSET_SYMBOL_EXTENSIONS = YES;
				CLANG_ANALYZER_NONNULL = YES;
				CLANG_ANALYZER_NUMBER_OBJECT_CONVERSION = YES_AGGRESSIVE;
				CLANG_CXX_LANGUAGE_STANDARD = "gnu++20";
				CLANG_ENABLE_MODULES = YES;
				CLANG_ENABLE_OBJC_ARC = YES;
				CLANG_ENABLE_OBJC_WEAK = YES;
				CLANG_WARN_BLOCK_CAPTURE_AUTORELEASING = YES;
				CLANG_WARN_BOOL_CONVERSION = YES;
				CLANG_WARN_COMMA = YES;
				CLANG_WARN_CONSTANT_CONVERSION = YES;
				CLANG_WARN_DEPRECATED_OBJC_IMPLEMENTATIONS = YES;
				CLANG_WARN_DIRECT_OBJC_ISA_USAGE = YES_ERROR;
				CLANG_WARN_DOCUMENTATION_COMMENTS = YES;
				CLANG_WARN_EMPTY_BODY = YES;
				CLANG_WARN_ENUM_CONVERSION = YES;
				CLANG_WARN_INFINITE_RECURSION = YES;
				CLANG_WARN_INT_CONVERSION = YES;
				CLANG_WARN_NON_LITERAL_NULL_CONVERSION = YES;
				CLANG_WARN_OBJC_IMPLICIT_RETAIN_SELF = YES;
				CLANG_WARN_OBJC_LITERAL_CONVERSION = YES;
				CLANG_WARN_OBJC_ROOT_CLASS = YES_ERROR;
				CLANG_WARN_QUOTED_INCLUDE_IN_FRAMEWORK_HEADER = YES;
				CLANG_WARN_RANGE_LOOP_ANALYSIS = YES;
				CLANG_WARN_STRICT_PROTOTYPES = YES;
				CLANG_WARN_SUSPICIOUS_MOVE = YES;
				CLANG_WARN_UNGUARDED_AVAILABILITY = YES_AGGRESSIVE;
				CLANG_WARN_UNREACHABLE_CODE = YES;
				CLANG_WARN__DUPLICATE_METHOD_MATCH = YES;
				COPY_PHASE_STRIP = NO;
				DEBUG_INFORMATION_FORMAT = "dwarf-with-dsym";
				DEVELOPMENT_TEAM = UBSM52Z44T;
				ENABLE_NS_ASSERTIONS = NO;
				ENABLE_STRICT_OBJC_MSGSEND = YES;
				ENABLE_USER_SCRIPT_SANDBOXING = YES;
				GCC_C_LANGUAGE_STANDARD = gnu17;
				GCC_NO_COMMON_BLOCKS = YES;
				GCC_WARN_64_TO_32_BIT_CONVERSION = YES;
				GCC_WARN_ABOUT_RETURN_TYPE = YES_ERROR;
				GCC_WARN_UNDECLARED_SELECTOR = YES;
				GCC_WARN_UNINITIALIZED_AUTOS = YES_AGGRESSIVE;
				GCC_WARN_UNUSED_FUNCTION = YES;
				GCC_WARN_UNUSED_VARIABLE = YES;
				LOCALIZATION_PREFERS_STRING_CATALOGS = YES;
				MACOSX_DEPLOYMENT_TARGET = 15.5;
				MTL_ENABLE_DEBUG_INFO = NO;
				MTL_FAST_MATH = YES;
				SDKROOT = macosx;
				SWIFT_COMPILATION_MODE = wholemodule;
			};
			name = Release;
		};
		704B457B2E4F789E00DF2B12 /* Debug */ = {
			isa = XCBuildConfiguration;
			buildSettings = {
				ASSETCATALOG_COMPILER_APPICON_NAME = AppIcon;
				ASSETCATALOG_COMPILER_GLOBAL_ACCENT_COLOR_NAME = AccentColor;
				ASSETCATALOG_COMPILER_INCLUDE_ALL_APPICON_ASSETS = NO;
				CODE_SIGN_ENTITLEMENTS = nameDay/nameDay.entitlements;
				"CODE_SIGN_IDENTITY[sdk=macosx*]" = "Apple Development";
				CODE_SIGN_STYLE = Automatic;
				COMBINE_HIDPI_IMAGES = YES;
				CURRENT_PROJECT_VERSION = 4;
				DEVELOPMENT_TEAM = LF9WKQ7CH2;
				ENABLE_HARDENED_RUNTIME = YES;
				ENABLE_PREVIEWS = YES;
				GENERATE_INFOPLIST_FILE = YES;
				INFOPLIST_KEY_CFBundleDisplayName = "Svátek";
				INFOPLIST_KEY_LSApplicationCategoryType = "public.app-category.utilities";
				INFOPLIST_KEY_LSUIElement = YES;
				INFOPLIST_KEY_NSHumanReadableCopyright = "";
				LD_RUNPATH_SEARCH_PATHS = (
					"$(inherited)",
					"@executable_path/../Frameworks",
				);
				MARKETING_VERSION = 1.2;
				PRODUCT_BUNDLE_IDENTIFIER = com.kadrnozka.nameDay;
				PRODUCT_NAME = "$(TARGET_NAME)";
				REGISTER_APP_GROUPS = YES;
				SWIFT_EMIT_LOC_STRINGS = YES;
				SWIFT_VERSION = 6.0;
			};
			name = Debug;
		};
		704B457C2E4F789E00DF2B12 /* Release */ = {
			isa = XCBuildConfiguration;
			buildSettings = {
				ASSETCATALOG_COMPILER_APPICON_NAME = AppIcon;
				ASSETCATALOG_COMPILER_GLOBAL_ACCENT_COLOR_NAME = AccentColor;
				ASSETCATALOG_COMPILER_INCLUDE_ALL_APPICON_ASSETS = NO;
				CODE_SIGN_ENTITLEMENTS = nameDay/nameDay.entitlements;
				"CODE_SIGN_IDENTITY[sdk=macosx*]" = "Apple Development";
				CODE_SIGN_STYLE = Automatic;
				COMBINE_HIDPI_IMAGES = YES;
				CURRENT_PROJECT_VERSION = 4;
				DEVELOPMENT_TEAM = LF9WKQ7CH2;
				ENABLE_HARDENED_RUNTIME = YES;
				ENABLE_PREVIEWS = YES;
				GENERATE_INFOPLIST_FILE = YES;
				INFOPLIST_KEY_CFBundleDisplayName = "Svátek";
				INFOPLIST_KEY_LSApplicationCategoryType = "public.app-category.utilities";
				INFOPLIST_KEY_LSUIElement = YES;
				INFOPLIST_KEY_NSHumanReadableCopyright = "";
				LD_RUNPATH_SEARCH_PATHS = (
					"$(inherited)",
					"@executable_path/../Frameworks",
				);
				MARKETING_VERSION = 1.2;
				PRODUCT_BUNDLE_IDENTIFIER = com.kadrnozka.nameDay;
				PRODUCT_NAME = "$(TARGET_NAME)";
				REGISTER_APP_GROUPS = YES;
				SWIFT_EMIT_LOC_STRINGS = YES;
				SWIFT_VERSION = 6.0;
			};
			name = Release;
		};
		704B457E2E4F789E00DF2B12 /* Debug */ = {
			isa = XCBuildConfiguration;
			buildSettings = {
				BUNDLE_LOADER = "$(TEST_HOST)";
				CODE_SIGN_STYLE = Automatic;
				CURRENT_PROJECT_VERSION = 1;
				DEVELOPMENT_TEAM = UBSM52Z44T;
				GENERATE_INFOPLIST_FILE = YES;
				MACOSX_DEPLOYMENT_TARGET = 15.5;
				MARKETING_VERSION = 1.0;
				PRODUCT_BUNDLE_IDENTIFIER = com.kadrnozka.nameDayTests;
				PRODUCT_NAME = "$(TARGET_NAME)";
				SWIFT_EMIT_LOC_STRINGS = NO;
				SWIFT_VERSION = 5.0;
				TEST_HOST = "$(BUILT_PRODUCTS_DIR)/Svátek.app/$(BUNDLE_EXECUTABLE_FOLDER_PATH)/Svátek";
			};
			name = Debug;
		};
		704B457F2E4F789E00DF2B12 /* Release */ = {
			isa = XCBuildConfiguration;
			buildSettings = {
				BUNDLE_LOADER = "$(TEST_HOST)";
				CODE_SIGN_STYLE = Automatic;
				CURRENT_PROJECT_VERSION = 1;
				DEVELOPMENT_TEAM = UBSM52Z44T;
				GENERATE_INFOPLIST_FILE = YES;
				MACOSX_DEPLOYMENT_TARGET = 15.5;
				MARKETING_VERSION = 1.0;
				PRODUCT_BUNDLE_IDENTIFIER = com.kadrnozka.nameDayTests;
				PRODUCT_NAME = "$(TARGET_NAME)";
				SWIFT_EMIT_LOC_STRINGS = NO;
				SWIFT_VERSION = 5.0;
				TEST_HOST = "$(BUILT_PRODUCTS_DIR)/Svátek.app/$(BUNDLE_EXECUTABLE_FOLDER_PATH)/Svátek";
			};
			name = Release;
		};
		704B45812E4F789E00DF2B12 /* Debug */ = {
			isa = XCBuildConfiguration;
			buildSettings = {
				CODE_SIGN_STYLE = Automatic;
				CURRENT_PROJECT_VERSION = 1;
				DEVELOPMENT_TEAM = UBSM52Z44T;
				GENERATE_INFOPLIST_FILE = YES;
				MARKETING_VERSION = 1.0;
				PRODUCT_BUNDLE_IDENTIFIER = com.kadrnozka.nameDayUITests;
				PRODUCT_NAME = "$(TARGET_NAME)";
				SWIFT_EMIT_LOC_STRINGS = NO;
				SWIFT_VERSION = 5.0;
				TEST_TARGET_NAME = nameDay;
			};
			name = Debug;
		};
		704B45822E4F789E00DF2B12 /* Release */ = {
			isa = XCBuildConfiguration;
			buildSettings = {
				CODE_SIGN_STYLE = Automatic;
				CURRENT_PROJECT_VERSION = 1;
				DEVELOPMENT_TEAM = UBSM52Z44T;
				GENERATE_INFOPLIST_FILE = YES;
				MARKETING_VERSION = 1.0;
				PRODUCT_BUNDLE_IDENTIFIER = com.kadrnozka.nameDayUITests;
				PRODUCT_NAME = "$(TARGET_NAME)";
				SWIFT_EMIT_LOC_STRINGS = NO;
				SWIFT_VERSION = 5.0;
				TEST_TARGET_NAME = nameDay;
			};
			name = Release;
		};
/* End XCBuildConfiguration section */

/* Begin XCConfigurationList section */
		704B45532E4F789D00DF2B12 /* Build configuration list for PBXProject "Svátek" */ = {
			isa = XCConfigurationList;
			buildConfigurations = (
				704B45782E4F789E00DF2B12 /* Debug */,
				704B45792E4F789E00DF2B12 /* Release */,
			);
			defaultConfigurationIsVisible = 0;
			defaultConfigurationName = Release;
		};
		704B457A2E4F789E00DF2B12 /* Build configuration list for PBXNativeTarget "Svátek" */ = {
			isa = XCConfigurationList;
			buildConfigurations = (
				704B457B2E4F789E00DF2B12 /* Debug */,
				704B457C2E4F789E00DF2B12 /* Release */,
			);
			defaultConfigurationIsVisible = 0;
			defaultConfigurationName = Release;
		};
		704B457D2E4F789E00DF2B12 /* Build configuration list for PBXNativeTarget "SvátekTests" */ = {
			isa = XCConfigurationList;
			buildConfigurations = (
				704B457E2E4F789E00DF2B12 /* Debug */,
				704B457F2E4F789E00DF2B12 /* Release */,
			);
			defaultConfigurationIsVisible = 0;
			defaultConfigurationName = Release;
		};
		704B45802E4F789E00DF2B12 /* Build configuration list for PBXNativeTarget "SvátekUITests" */ = {
			isa = XCConfigurationList;
			buildConfigurations = (
				704B45812E4F789E00DF2B12 /* Debug */,
				704B45822E4F789E00DF2B12 /* Release */,
			);
			defaultConfigurationIsVisible = 0;
			defaultConfigurationName = Release;
		};
/* End XCConfigurationList section */
	};
	rootObject = 704B45502E4F789D00DF2B12 /* Project object */;
}
